// !$*UTF8*$!
{
	archiveVersion = 1;
	classes = {
	};
	objectVersion = 56;
	objects = {

/* Begin PBXBuildFile section */
		116AD6FD2AF752ED008957B9 /* swiftUI_exampleApp.swift in Sources */ = {isa = PBXBuildFile; fileRef = 116AD6FC2AF752ED008957B9 /* swiftUI_exampleApp.swift */; };
		116AD6FF2AF752ED008957B9 /* ContentView.swift in Sources */ = {isa = PBXBuildFile; fileRef = 116AD6FE2AF752ED008957B9 /* ContentView.swift */; };
		116AD7012AF752EE008957B9 /* Assets.xcassets in Resources */ = {isa = PBXBuildFile; fileRef = 116AD7002AF752EE008957B9 /* Assets.xcassets */; };
		116AD7042AF752EE008957B9 /* Preview Assets.xcassets in Resources */ = {isa = PBXBuildFile; fileRef = 116AD7032AF752EE008957B9 /* Preview Assets.xcassets */; };
		116AD70C2AFCECFD008957B9 /* DynamicStackView.swift in Sources */ = {isa = PBXBuildFile; fileRef = 116AD70B2AFCECFD008957B9 /* DynamicStackView.swift */; };
		116AD70E2AFD04FB008957B9 /* BindingAndForEachView.swift in Sources */ = {isa = PBXBuildFile; fileRef = 116AD70D2AFD04FB008957B9 /* BindingAndForEachView.swift */; };
		116AD7102B01F3E5008957B9 /* ObservedObjectExampleView.swift in Sources */ = {isa = PBXBuildFile; fileRef = 116AD70F2B01F3E5008957B9 /* ObservedObjectExampleView.swift */; };
/* End PBXBuildFile section */

/* Begin PBXFileReference section */
		116AD6F92AF752ED008957B9 /* swiftUI-example.app */ = {isa = PBXFileReference; explicitFileType = wrapper.application; includeInIndex = 0; path = "swiftUI-example.app"; sourceTree = BUILT_PRODUCTS_DIR; };
		116AD6FC2AF752ED008957B9 /* swiftUI_exampleApp.swift */ = {isa = PBXFileReference; lastKnownFileType = sourcecode.swift; path = swiftUI_exampleApp.swift; sourceTree = "<group>"; };
		116AD6FE2AF752ED008957B9 /* ContentView.swift */ = {isa = PBXFileReference; lastKnownFileType = sourcecode.swift; path = ContentView.swift; sourceTree = "<group>"; };
		116AD7002AF752EE008957B9 /* Assets.xcassets */ = {isa = PBXFileReference; lastKnownFileType = folder.assetcatalog; path = Assets.xcassets; sourceTree = "<group>"; };
		116AD7032AF752EE008957B9 /* Preview Assets.xcassets */ = {isa = PBXFileReference; lastKnownFileType = folder.assetcatalog; path = "Preview Assets.xcassets"; sourceTree = "<group>"; };
		116AD70A2AF75AFA008957B9 /* Info.plist */ = {isa = PBXFileReference; lastKnownFileType = text.plist; path = Info.plist; sourceTree = "<group>"; };
		116AD70B2AFCECFD008957B9 /* DynamicStackView.swift */ = {isa = PBXFileReference; lastKnownFileType = sourcecode.swift; path = DynamicStackView.swift; sourceTree = "<group>"; };
		116AD70D2AFD04FB008957B9 /* BindingAndForEachView.swift */ = {isa = PBXFileReference; lastKnownFileType = sourcecode.swift; path = BindingAndForEachView.swift; sourceTree = "<group>"; };
		116AD70F2B01F3E5008957B9 /* ObservedObjectExampleView.swift */ = {isa = PBXFileReference; lastKnownFileType = sourcecode.swift; path = ObservedObjectExampleView.swift; sourceTree = "<group>"; };
/* End PBXFileReference section */

/* Begin PBXFrameworksBuildPhase section */
		116AD6F62AF752ED008957B9 /* Frameworks */ = {
			isa = PBXFrameworksBuildPhase;
			buildActionMask = 2147483647;
			files = (
			);
			runOnlyForDeploymentPostprocessing = 0;
		};
/* End PBXFrameworksBuildPhase section */

/* Begin PBXGroup section */
		116AD6F02AF752ED008957B9 = {
			isa = PBXGroup;
			children = (
				116AD6FB2AF752ED008957B9 /* swiftUI-example */,
				116AD6FA2AF752ED008957B9 /* Products */,
			);
			sourceTree = "<group>";
		};
		116AD6FA2AF752ED008957B9 /* Products */ = {
			isa = PBXGroup;
			children = (
				116AD6F92AF752ED008957B9 /* swiftUI-example.app */,
			);
			name = Products;
			sourceTree = "<group>";
		};
		116AD6FB2AF752ED008957B9 /* swiftUI-example */ = {
			isa = PBXGroup;
			children = (
				116AD70A2AF75AFA008957B9 /* Info.plist */,
				116AD6FC2AF752ED008957B9 /* swiftUI_exampleApp.swift */,
				116AD6FE2AF752ED008957B9 /* ContentView.swift */,
				116AD70B2AFCECFD008957B9 /* DynamicStackView.swift */,
				116AD70D2AFD04FB008957B9 /* BindingAndForEachView.swift */,
				116AD70F2B01F3E5008957B9 /* ObservedObjectExampleView.swift */,
				116AD7002AF752EE008957B9 /* Assets.xcassets */,
				116AD7022AF752EE008957B9 /* Preview Content */,
			);
			path = "swiftUI-example";
			sourceTree = "<group>";
		};
		116AD7022AF752EE008957B9 /* Preview Content */ = {
			isa = PBXGroup;
			children = (
				116AD7032AF752EE008957B9 /* Preview Assets.xcassets */,
			);
			path = "Preview Content";
			sourceTree = "<group>";
		};
/* End PBXGroup section */

/* Begin PBXNativeTarget section */
		116AD6F82AF752ED008957B9 /* swiftUI-example */ = {
			isa = PBXNativeTarget;
			buildConfigurationList = 116AD7072AF752EE008957B9 /* Build configuration list for PBXNativeTarget "swiftUI-example" */;
			buildPhases = (
				116AD6F52AF752ED008957B9 /* Sources */,
				116AD6F62AF752ED008957B9 /* Frameworks */,
				116AD6F72AF752ED008957B9 /* Resources */,
			);
			buildRules = (
			);
			dependencies = (
			);
			name = "swiftUI-example";
			productName = "swiftUI-example";
			productReference = 116AD6F92AF752ED008957B9 /* swiftUI-example.app */;
			productType = "com.apple.product-type.application";
		};
/* End PBXNativeTarget section */

/* Begin PBXProject section */
		116AD6F12AF752ED008957B9 /* Project object */ = {
			isa = PBXProject;
			attributes = {
				BuildIndependentTargetsInParallel = 1;
				LastSwiftUpdateCheck = 1420;
				LastUpgradeCheck = 1420;
				TargetAttributes = {
					116AD6F82AF752ED008957B9 = {
						CreatedOnToolsVersion = 14.2;
					};
				};
			};
			buildConfigurationList = 116AD6F42AF752ED008957B9 /* Build configuration list for PBXProject "swiftUI-example" */;
			compatibilityVersion = "Xcode 14.0";
			developmentRegion = en;
			hasScannedForEncodings = 0;
			knownRegions = (
				en,
				Base,
			);
			mainGroup = 116AD6F02AF752ED008957B9;
			productRefGroup = 116AD6FA2AF752ED008957B9 /* Products */;
			projectDirPath = "";
			projectRoot = "";
			targets = (
				116AD6F82AF752ED008957B9 /* swiftUI-example */,
			);
		};
/* End PBXProject section */

/* Begin PBXResourcesBuildPhase section */
		116AD6F72AF752ED008957B9 /* Resources */ = {
			isa = PBXResourcesBuildPhase;
			buildActionMask = 2147483647;
			files = (
				116AD7042AF752EE008957B9 /* Preview Assets.xcassets in Resources */,
				116AD7012AF752EE008957B9 /* Assets.xcassets in Resources */,
			);
			runOnlyForDeploymentPostprocessing = 0;
		};
/* End PBXResourcesBuildPhase section */

/* Begin PBXSourcesBuildPhase section */
		116AD6F52AF752ED008957B9 /* Sources */ = {
			isa = PBXSourcesBuildPhase;
			buildActionMask = 2147483647;
			files = (
				116AD70C2AFCECFD008957B9 /* DynamicStackView.swift in Sources */,
				116AD6FF2AF752ED008957B9 /* ContentView.swift in Sources */,
				116AD7102B01F3E5008957B9 /* ObservedObjectExampleView.swift in Sources */,
				116AD6FD2AF752ED008957B9 /* swiftUI_exampleApp.swift in Sources */,
				116AD70E2AFD04FB008957B9 /* BindingAndForEachView.swift in Sources */,
			);
			runOnlyForDeploymentPostprocessing = 0;
		};
/* End PBXSourcesBuildPhase section */

/* Begin XCBuildConfiguration section */
		116AD7052AF752EE008957B9 /* Debug */ = {
			isa = XCBuildConfiguration;
			buildSettings = {
				ALWAYS_SEARCH_USER_PATHS = NO;
				CLANG_ANALYZER_NONNULL = YES;
				CLANG_ANALYZER_NUMBER_OBJECT_CONVERSION = YES_AGGRESSIVE;
				CLANG_CXX_LANGUAGE_STANDARD = "gnu++20";
				CLANG_ENABLE_MODULES = YES;
				CLANG_ENABLE_OBJC_ARC = YES;
				CLANG_ENABLE_OBJC_WEAK = YES;
				CLANG_WARN_BLOCK_CAPTURE_AUTORELEASING = YES;
				CLANG_WARN_BOOL_CONVERSION = YES;
				CLANG_WARN_COMMA = YES;
				CLANG_WARN_CONSTANT_CONVERSION = YES;
				CLANG_WARN_DEPRECATED_OBJC_IMPLEMENTATIONS = YES;
				CLANG_WARN_DIRECT_OBJC_ISA_USAGE = YES_ERROR;
				CLANG_WARN_DOCUMENTATION_COMMENTS = YES;
				CLANG_WARN_EMPTY_BODY = YES;
				CLANG_WARN_ENUM_CONVERSION = YES;
				CLANG_WARN_INFINITE_RECURSION = YES;
				CLANG_WARN_INT_CONVERSION = YES;
				CLANG_WARN_NON_LITERAL_NULL_CONVERSION = YES;
				CLANG_WARN_OBJC_IMPLICIT_RETAIN_SELF = YES;
				CLANG_WARN_OBJC_LITERAL_CONVERSION = YES;
				CLANG_WARN_OBJC_ROOT_CLASS = YES_ERROR;
				CLANG_WARN_QUOTED_INCLUDE_IN_FRAMEWORK_HEADER = YES;
				CLANG_WARN_RANGE_LOOP_ANALYSIS = YES;
				CLANG_WARN_STRICT_PROTOTYPES = YES;
				CLANG_WARN_SUSPICIOUS_MOVE = YES;
				CLANG_WARN_UNGUARDED_AVAILABILITY = YES_AGGRESSIVE;
				CLANG_WARN_UNREACHABLE_CODE = YES;
				CLANG_WARN__DUPLICATE_METHOD_MATCH = YES;
				COPY_PHASE_STRIP = NO;
				DEBUG_INFORMATION_FORMAT = dwarf;
				ENABLE_STRICT_OBJC_MSGSEND = YES;
				ENABLE_TESTABILITY = YES;
				GCC_C_LANGUAGE_STANDARD = gnu11;
				GCC_DYNAMIC_NO_PIC = NO;
				GCC_NO_COMMON_BLOCKS = YES;
				GCC_OPTIMIZATION_LEVEL = 0;
				GCC_PREPROCESSOR_DEFINITIONS = (
					"DEBUG=1",
					"$(inherited)",
				);
				GCC_WARN_64_TO_32_BIT_CONVERSION = YES;
				GCC_WARN_ABOUT_RETURN_TYPE = YES_ERROR;
				GCC_WARN_UNDECLARED_SELECTOR = YES;
				GCC_WARN_UNINITIALIZED_AUTOS = YES_AGGRESSIVE;
				GCC_WARN_UNUSED_FUNCTION = YES;
				GCC_WARN_UNUSED_VARIABLE = YES;
				IPHONEOS_DEPLOYMENT_TARGET = 16.2;
				MTL_ENABLE_DEBUG_INFO = INCLUDE_SOURCE;
				MTL_FAST_MATH = YES;
				ONLY_ACTIVE_ARCH = YES;
				SDKROOT = iphoneos;
				SWIFT_ACTIVE_COMPILATION_CONDITIONS = DEBUG;
				SWIFT_OPTIMIZATION_LEVEL = "-Onone";
			};
			name = Debug;
		};
		116AD7062AF752EE008957B9 /* Release */ = {
			isa = XCBuildConfiguration;
			buildSettings = {
				ALWAYS_SEARCH_USER_PATHS = NO;
				CLANG_ANALYZER_NONNULL = YES;
				CLANG_ANALYZER_NUMBER_OBJECT_CONVERSION = YES_AGGRESSIVE;
				CLANG_CXX_LANGUAGE_STANDARD = "gnu++20";
				CLANG_ENABLE_MODULES = YES;
				CLANG_ENABLE_OBJC_ARC = YES;
				CLANG_ENABLE_OBJC_WEAK = YES;
				CLANG_WARN_BLOCK_CAPTURE_AUTORELEASING = YES;
				CLANG_WARN_BOOL_CONVERSION = YES;
				CLANG_WARN_COMMA = YES;
				CLANG_WARN_CONSTANT_CONVERSION = YES;
				CLANG_WARN_DEPRECATED_OBJC_IMPLEMENTATIONS = YES;
				CLANG_WARN_DIRECT_OBJC_ISA_USAGE = YES_ERROR;
				CLANG_WARN_DOCUMENTATION_COMMENTS = YES;
				CLANG_WARN_EMPTY_BODY = YES;
				CLANG_WARN_ENUM_CONVERSION = YES;
				CLANG_WARN_INFINITE_RECURSION = YES;
				CLANG_WARN_INT_CONVERSION = YES;
				CLANG_WARN_NON_LITERAL_NULL_CONVERSION = YES;
				CLANG_WARN_OBJC_IMPLICIT_RETAIN_SELF = YES;
				CLANG_WARN_OBJC_LITERAL_CONVERSION = YES;
				CLANG_WARN_OBJC_ROOT_CLASS = YES_ERROR;
				CLANG_WARN_QUOTED_INCLUDE_IN_FRAMEWORK_HEADER = YES;
				CLANG_WARN_RANGE_LOOP_ANALYSIS = YES;
				CLANG_WARN_STRICT_PROTOTYPES = YES;
				CLANG_WARN_SUSPICIOUS_MOVE = YES;
				CLANG_WARN_UNGUARDED_AVAILABILITY = YES_AGGRESSIVE;
				CLANG_WARN_UNREACHABLE_CODE = YES;
				CLANG_WARN__DUPLICATE_METHOD_MATCH = YES;
				COPY_PHASE_STRIP = NO;
				DEBUG_INFORMATION_FORMAT = "dwarf-with-dsym";
				ENABLE_NS_ASSERTIONS = NO;
				ENABLE_STRICT_OBJC_MSGSEND = YES;
				GCC_C_LANGUAGE_STANDARD = gnu11;
				GCC_NO_COMMON_BLOCKS = YES;
				GCC_WARN_64_TO_32_BIT_CONVERSION = YES;
				GCC_WARN_ABOUT_RETURN_TYPE = YES_ERROR;
				GCC_WARN_UNDECLARED_SELECTOR = YES;
				GCC_WARN_UNINITIALIZED_AUTOS = YES_AGGRESSIVE;
				GCC_WARN_UNUSED_FUNCTION = YES;
				GCC_WARN_UNUSED_VARIABLE = YES;
				IPHONEOS_DEPLOYMENT_TARGET = 16.2;
				MTL_ENABLE_DEBUG_INFO = NO;
				MTL_FAST_MATH = YES;
				SDKROOT = iphoneos;
				SWIFT_COMPILATION_MODE = wholemodule;
				SWIFT_OPTIMIZATION_LEVEL = "-O";
				VALIDATE_PRODUCT = YES;
			};
			name = Release;
		};
		116AD7082AF752EE008957B9 /* Debug */ = {
			isa = XCBuildConfiguration;
			buildSettings = {
				ASSETCATALOG_COMPILER_APPICON_NAME = AppIcon;
				ASSETCATALOG_COMPILER_GLOBAL_ACCENT_COLOR_NAME = AccentColor;
				CODE_SIGN_STYLE = Automatic;
				CURRENT_PROJECT_VERSION = 1;
				DEVELOPMENT_ASSET_PATHS = "\"swiftUI-example/Preview Content\"";
				ENABLE_PREVIEWS = YES;
				GENERATE_INFOPLIST_FILE = YES;
				INFOPLIST_FILE = "swiftUI-example/Info.plist";
				INFOPLIST_KEY_UIApplicationSupportsIndirectInputEvents = YES;
				INFOPLIST_KEY_UILaunchScreen_Generation = YES;
				INFOPLIST_KEY_UISupportedInterfaceOrientations_iPad = "UIInterfaceOrientationPortrait UIInterfaceOrientationPortraitUpsideDown UIInterfaceOrientationLandscapeLeft UIInterfaceOrientationLandscapeRight";
				INFOPLIST_KEY_UISupportedInterfaceOrientations_iPhone = "UIInterfaceOrientationPortrait UIInterfaceOrientationLandscapeLeft UIInterfaceOrientationLandscapeRight";
				LD_RUNPATH_SEARCH_PATHS = (
					"$(inherited)",
					"@executable_path/Frameworks",
				);
				MARKETING_VERSION = 1.0;
				PRODUCT_BUNDLE_IDENTIFIER = "com.hashswim.swiftUI-example";
				PRODUCT_NAME = "$(TARGET_NAME)";
				SWIFT_EMIT_LOC_STRINGS = YES;
				SWIFT_VERSION = 5.0;
				TARGETED_DEVICE_FAMILY = "1,2";
			};
			name = Debug;
		};
		116AD7092AF752EE008957B9 /* Release */ = {
			isa = XCBuildConfiguration;
			buildSettings = {
				ASSETCATALOG_COMPILER_APPICON_NAME = AppIcon;
				ASSETCATALOG_COMPILER_GLOBAL_ACCENT_COLOR_NAME = AccentColor;
				CODE_SIGN_STYLE = Automatic;
				CURRENT_PROJECT_VERSION = 1;
				DEVELOPMENT_ASSET_PATHS = "\"swiftUI-example/Preview Content\"";
				ENABLE_PREVIEWS = YES;
				GENERATE_INFOPLIST_FILE = YES;
				INFOPLIST_FILE = "swiftUI-example/Info.plist";
				INFOPLIST_KEY_UIApplicationSupportsIndirectInputEvents = YES;
				INFOPLIST_KEY_UILaunchScreen_Generation = YES;
				INFOPLIST_KEY_UISupportedInterfaceOrientations_iPad = "UIInterfaceOrientationPortrait UIInterfaceOrientationPortraitUpsideDown UIInterfaceOrientationLandscapeLeft UIInterfaceOrientationLandscapeRight";
				INFOPLIST_KEY_UISupportedInterfaceOrientations_iPhone = "UIInterfaceOrientationPortrait UIInterfaceOrientationLandscapeLeft UIInterfaceOrientationLandscapeRight";
				LD_RUNPATH_SEARCH_PATHS = (
					"$(inherited)",
					"@executable_path/Frameworks",
				);
				MARKETING_VERSION = 1.0;
				PRODUCT_BUNDLE_IDENTIFIER = "com.hashswim.swiftUI-example";
				PRODUCT_NAME = "$(TARGET_NAME)";
				SWIFT_EMIT_LOC_STRINGS = YES;
				SWIFT_VERSION = 5.0;
				TARGETED_DEVICE_FAMILY = "1,2";
			};
			name = Release;
		};
/* End XCBuildConfiguration section */

/* Begin XCConfigurationList section */
		116AD6F42AF752ED008957B9 /* Build configuration list for PBXProject "swiftUI-example" */ = {
			isa = XCConfigurationList;
			buildConfigurations = (
				116AD7052AF752EE008957B9 /* Debug */,
				116AD7062AF752EE008957B9 /* Release */,
			);
			defaultConfigurationIsVisible = 0;
			defaultConfigurationName = Release;
		};
		116AD7072AF752EE008957B9 /* Build configuration list for PBXNativeTarget "swiftUI-example" */ = {
			isa = XCConfigurationList;
			buildConfigurations = (
				116AD7082AF752EE008957B9 /* Debug */,
				116AD7092AF752EE008957B9 /* Release */,
			);
			defaultConfigurationIsVisible = 0;
			defaultConfigurationName = Release;
		};
/* End XCConfigurationList section */
	};
	rootObject = 116AD6F12AF752ED008957B9 /* Project object */;
}
